// !$*UTF8*$!
{
	archiveVersion = 1;
	classes = {
	};
	objectVersion = 60;
	objects = {

/* Begin PBXBuildFile section */
		100000000000000000000001 /* ApplicationDelegate.swift in Sources */ = {isa = PBXBuildFile; fileRef = 200000000000000000000001 /* ApplicationDelegate.swift */; };
		100000000000000000000002 /* ConfigurationStore.swift in Sources */ = {isa = PBXBuildFile; fileRef = 200000000000000000000002 /* ConfigurationStore.swift */; };
		100000000000000000000003 /* DefaultConfiguration.swift in Sources */ = {isa = PBXBuildFile; fileRef = 200000000000000000000003 /* DefaultConfiguration.swift */; };
		100000000000000000000004 /* main.swift in Sources */ = {isa = PBXBuildFile; fileRef = 200000000000000000000004 /* main.swift */; };
		100000000000000000000005 /* SlateCore in Frameworks */ = {isa = PBXBuildFile; productRef = A00000000000000000000002 /* SlateCore */; };
		100000000000000000000006 /* SlateMacOS in Frameworks */ = {isa = PBXBuildFile; productRef = A00000000000000000000003 /* SlateMacOS */; };
		100000000000000000000007 /* Resources/Assets.xcassets in Resources */ = {isa = PBXBuildFile; fileRef = 200000000000000000000007 /* Resources/Assets.xcassets */; };
/* End PBXBuildFile section */

/* Begin PBXFileReference section */
		200000000000000000000001 /* ApplicationDelegate.swift */ = {isa = PBXFileReference; lastKnownFileType = sourcecode.swift; path = ApplicationDelegate.swift; sourceTree = "<group>"; };
		200000000000000000000002 /* ConfigurationStore.swift */ = {isa = PBXFileReference; lastKnownFileType = sourcecode.swift; path = ConfigurationStore.swift; sourceTree = "<group>"; };
		200000000000000000000003 /* DefaultConfiguration.swift */ = {isa = PBXFileReference; lastKnownFileType = sourcecode.swift; path = DefaultConfiguration.swift; sourceTree = "<group>"; };
		200000000000000000000004 /* main.swift */ = {isa = PBXFileReference; lastKnownFileType = sourcecode.swift; path = main.swift; sourceTree = "<group>"; };
		200000000000000000000005 /* Slate.app */ = {isa = PBXFileReference; explicitFileType = wrapper.application; includeInIndex = 0; path = Slate.app; sourceTree = BUILT_PRODUCTS_DIR; };
		200000000000000000000006 /* Package.swift */ = {isa = PBXFileReference; lastKnownFileType = sourcecode.swift; path = Package.swift; sourceTree = "<group>"; };
		200000000000000000000007 /* Resources/Assets.xcassets */ = {isa = PBXFileReference; lastKnownFileType = folder.assetcatalog; path = Resources/Assets.xcassets; sourceTree = "<group>"; };
/* End PBXFileReference section */

/* Begin PBXFrameworksBuildPhase section */
		300000000000000000000001 /* Frameworks */ = {
			isa = PBXFrameworksBuildPhase;
			buildActionMask = 2147483647;
			files = (
				100000000000000000000005 /* SlateCore in Frameworks */,
				100000000000000000000006 /* SlateMacOS in Frameworks */,
			);
			runOnlyForDeploymentPostprocessing = 0;
		};
/* End PBXFrameworksBuildPhase section */

/* Begin PBXGroup section */
		400000000000000000000001 = {
			isa = PBXGroup;
			children = (
				400000000000000000000002 /* Sources/SlateApp */,
				200000000000000000000006 /* Package.swift */,
				400000000000000000000003 /* Products */,
			);
			sourceTree = "<group>";
		};
		400000000000000000000002 /* Sources/SlateApp */ = {
			isa = PBXGroup;
			children = (
				200000000000000000000007 /* Resources/Assets.xcassets */,
				200000000000000000000001 /* ApplicationDelegate.swift */,
				200000000000000000000002 /* ConfigurationStore.swift */,
				200000000000000000000003 /* DefaultConfiguration.swift */,
				200000000000000000000004 /* main.swift */,
			);
			path = Sources/SlateApp;
			sourceTree = SOURCE_ROOT;
		};
		400000000000000000000003 /* Products */ = {
			isa = PBXGroup;
			children = (
				200000000000000000000005 /* Slate.app */,
			);
			name = Products;
			sourceTree = "<group>";
		};
/* End PBXGroup section */

/* Begin PBXNativeTarget section */
		500000000000000000000001 /* SlateApp */ = {
			isa = PBXNativeTarget;
			buildConfigurationList = 900000000000000000000002 /* Build configuration list for PBXNativeTarget "SlateApp" */;
			buildPhases = (
				700000000000000000000001 /* Sources */,
				300000000000000000000001 /* Frameworks */,
				800000000000000000000001 /* Resources */,
			);
			buildRules = (
			);
			dependencies = (
			);
			name = SlateApp;
			packageProductDependencies = (
				A00000000000000000000002 /* SlateCore */,
				A00000000000000000000003 /* SlateMacOS */,
			);
			productName = Slate;
			productReference = 200000000000000000000005 /* Slate.app */;
			productType = "com.apple.product-type.application";
		};
/* End PBXNativeTarget section */

/* Begin PBXProject section */
		600000000000000000000001 /* Project object */ = {
			isa = PBXProject;
			attributes = {
				BuildIndependentTargetsInParallel = 1;
				LastSwiftUpdateCheck = 2700;
				LastUpgradeCheck = 2700;
			};
			buildConfigurationList = 900000000000000000000001 /* Build configuration list for PBXProject "Slate" */;
			compatibilityVersion = "Xcode 15.0";
			developmentRegion = en;
			hasScannedForEncodings = 0;
			knownRegions = (
				en,
				Base,
			);
			mainGroup = 400000000000000000000001;
			packageReferences = (
				A00000000000000000000001 /* XCLocalSwiftPackageReference "." */,
			);
			productRefGroup = 400000000000000000000003 /* Products */;
			projectDirPath = "";
			projectRoot = "";
			targets = (
				500000000000000000000001 /* SlateApp */,
			);
		};
/* End PBXProject section */

/* Begin PBXResourcesBuildPhase section */
		800000000000000000000001 /* Resources */ = {
			isa = PBXResourcesBuildPhase;
			buildActionMask = 2147483647;
			files = (
				100000000000000000000007 /* Resources/Assets.xcassets in Resources */,
			);
			runOnlyForDeploymentPostprocessing = 0;
		};
/* End PBXResourcesBuildPhase section */

/* Begin PBXSourcesBuildPhase section */
		700000000000000000000001 /* Sources */ = {
			isa = PBXSourcesBuildPhase;
			buildActionMask = 2147483647;
			files = (
				100000000000000000000001 /* ApplicationDelegate.swift in Sources */,
				100000000000000000000002 /* ConfigurationStore.swift in Sources */,
				100000000000000000000003 /* DefaultConfiguration.swift in Sources */,
				100000000000000000000004 /* main.swift in Sources */,
			);
			runOnlyForDeploymentPostprocessing = 0;
		};
/* End PBXSourcesBuildPhase section */

/* Begin XCBuildConfiguration section */
		B00000000000000000000001 /* Debug */ = {
			isa = XCBuildConfiguration;
			buildSettings = {
				CLANG_ENABLE_MODULES = YES;
				MACOSX_DEPLOYMENT_TARGET = 14.0;
				ONLY_ACTIVE_ARCH = YES;
				SDKROOT = macosx;
				SWIFT_ACTIVE_COMPILATION_CONDITIONS = "DEBUG $(inherited)";
				SWIFT_OPTIMIZATION_LEVEL = "-Onone";
			};
			name = Debug;
		};
		B00000000000000000000002 /* Release */ = {
			isa = XCBuildConfiguration;
			buildSettings = {
				CLANG_ENABLE_MODULES = YES;
				MACOSX_DEPLOYMENT_TARGET = 14.0;
				SDKROOT = macosx;
				SWIFT_COMPILATION_MODE = wholemodule;
				SWIFT_OPTIMIZATION_LEVEL = "-O";
			};
			name = Release;
		};
		B00000000000000000000003 /* Debug */ = {
			isa = XCBuildConfiguration;
			buildSettings = {
				ASSETCATALOG_COMPILER_APPICON_NAME = AppIcon;
				"CODE_SIGN_IDENTITY[sdk=macosx*]" = "Apple Development";
				CODE_SIGN_STYLE = Automatic;
				COMBINE_HIDPI_IMAGES = YES;
				DEVELOPMENT_TEAM = 2Q6FJ956B3;
				ENABLE_APP_SANDBOX = NO;
				ENABLE_HARDENED_RUNTIME = YES;
				GENERATE_INFOPLIST_FILE = YES;
				INFOPLIST_KEY_CFBundleDisplayName = Slate;
				INFOPLIST_KEY_LSApplicationCategoryType = "public.app-category.utilities";
				INFOPLIST_KEY_LSUIElement = YES;
				LD_RUNPATH_SEARCH_PATHS = (
					"$(inherited)",
					"@executable_path/../Frameworks",
				);
				ONLY_ACTIVE_ARCH = YES;
				PRODUCT_BUNDLE_IDENTIFIER = com.slate.Slate;
				PRODUCT_NAME = Slate;
				SWIFT_VERSION = 6.0;
			};
			name = Debug;
		};
		B00000000000000000000004 /* Release */ = {
			isa = XCBuildConfiguration;
			buildSettings = {
				ASSETCATALOG_COMPILER_APPICON_NAME = AppIcon;
				"CODE_SIGN_IDENTITY[sdk=macosx*]" = "Apple Development";
				CODE_SIGN_STYLE = Automatic;
				COMBINE_HIDPI_IMAGES = YES;
				DEVELOPMENT_TEAM = 2Q6FJ956B3;
				ENABLE_APP_SANDBOX = NO;
				ENABLE_HARDENED_RUNTIME = YES;
				GENERATE_INFOPLIST_FILE = YES;
				INFOPLIST_KEY_CFBundleDisplayName = Slate;
				INFOPLIST_KEY_LSApplicationCategoryType = "public.app-category.utilities";
				INFOPLIST_KEY_LSUIElement = YES;
				LD_RUNPATH_SEARCH_PATHS = (
					"$(inherited)",
					"@executable_path/../Frameworks",
				);
				PRODUCT_BUNDLE_IDENTIFIER = com.slate.Slate;
				PRODUCT_NAME = Slate;
				SWIFT_VERSION = 6.0;
			};
			name = Release;
		};
/* End XCBuildConfiguration section */

/* Begin XCConfigurationList section */
		900000000000000000000001 /* Build configuration list for PBXProject "Slate" */ = {
			isa = XCConfigurationList;
			buildConfigurations = (
				B00000000000000000000001 /* Debug */,
				B00000000000000000000002 /* Release */,
			);
			defaultConfigurationIsVisible = 0;
			defaultConfigurationName = Release;
		};
		900000000000000000000002 /* Build configuration list for PBXNativeTarget "SlateApp" */ = {
			isa = XCConfigurationList;
			buildConfigurations = (
				B00000000000000000000003 /* Debug */,
				B00000000000000000000004 /* Release */,
			);
			defaultConfigurationIsVisible = 0;
			defaultConfigurationName = Release;
		};
/* End XCConfigurationList section */

/* Begin XCLocalSwiftPackageReference section */
		A00000000000000000000001 /* XCLocalSwiftPackageReference "." */ = {
			isa = XCLocalSwiftPackageReference;
			relativePath = .;
		};
/* End XCLocalSwiftPackageReference section */

/* Begin XCSwiftPackageProductDependency section */
		A00000000000000000000002 /* SlateCore */ = {
			isa = XCSwiftPackageProductDependency;
			package = A00000000000000000000001 /* XCLocalSwiftPackageReference "." */;
			productName = SlateCore;
		};
		A00000000000000000000003 /* SlateMacOS */ = {
			isa = XCSwiftPackageProductDependency;
			package = A00000000000000000000001 /* XCLocalSwiftPackageReference "." */;
			productName = SlateMacOS;
		};
/* End XCSwiftPackageProductDependency section */
	};
	rootObject = 600000000000000000000001 /* Project object */;
}
